
Microsoft Visual Studio Solution File, Format Version 12.00
# Visual Studio Version 17
VisualStudioVersion = 17.2.32526.322
MinimumVisualStudioVersion = 10.0.40219.1
Project("{FAE04EC0-301F-11D3-BF4B-00C04F79EFBC}") = "FakeData", "FakeData.csproj", "{8BE5F1C0-3A80-4978-83D5-441EB17F54A0}"
EndProject
Global
	GlobalSection(SolutionConfigurationPlatforms) = preSolution
		Debug|Any CPU = Debug|Any CPU
		Release|Any CPU = Release|Any CPU
	EndGlobalSection
	GlobalSection(ProjectConfigurationPlatforms) = postSolution
		{8BE5F1C0-3A80-4978-83D5-441EB17F54A0}.Debug|Any CPU.ActiveCfg = Debug|Any CPU
		{8BE5F1C0-3A80-4978-83D5-441EB17F54A0}.Debug|Any CPU.Build.0 = Debug|Any CPU
		{8BE5F1C0-3A80-4978-83D5-441EB17F54A0}.Release|Any CPU.ActiveCfg = Release|Any CPU
		{8BE5F1C0-3A80-4978-83D5-441EB17F54A0}.Release|Any CPU.Build.0 = Release|Any CPU
	EndGlobalSection
	GlobalSection(SolutionProperties) = preSolution
		HideSolutionNode = FALSE
	EndGlobalSection
	GlobalSection(ExtensibilityGlobals) = postSolution
		SolutionGuid = {78A7B1EB-27DF-474F-88FC-124B9BB3A79B}
	EndGlobalSection
EndGlobal
